
Microsoft Visual Studio Solution File, Format Version 12.00
# Visual Studio 15
VisualStudioVersion = 15.0.28307.421
MinimumVisualStudioVersion = 10.0.40219.1
Project("{8BC9CEB8-8B4A-11D0-8D11-00A0C91BC942}") = "TitleProject_Cpp", "TitleProject_Cpp\TitleProject_Cpp.vcxproj", "{7F6D48B3-233D-479A-AD77-D78F3996DC83}"
EndProject
Project("{2150E333-8FDC-42A3-9474-1A3956D46DE8}") = "Solution Items", "Solution Items", "{97D93F96-CD89-4BBD-B5E8-BD6B22F00AFF}"
	ProjectSection(SolutionItems) = preProject
		0000_No_Solution.cpp = 0000_No_Solution.cpp
		0022_括号生成.cpp = 0022_括号生成.cpp
		0039_组合总和.cpp = 0039_组合总和.cpp
		0092_反转链表 II.cpp = 0092_反转链表 II.cpp
		0100_相同的树.cpp = 0100_相同的树.cpp
		0102_二叉树的层次遍历.cpp = 0102_二叉树的层次遍历.cpp
		0103_二叉树的锯齿形层次遍历.cpp = 0103_二叉树的锯齿形层次遍历.cpp
		0105_从前序和中序遍历序列构造二叉树.cpp = 0105_从前序和中序遍历序列构造二叉树.cpp
		0106_从中序与后序遍历序列构造二叉树.cpp = 0106_从中序与后序遍历序列构造二叉树.cpp
		0107_二叉树的层次遍历 II.cpp = 0107_二叉树的层次遍历 II.cpp
		0108_将有序数组转换为二叉搜索树.cpp = 0108_将有序数组转换为二叉搜索树.cpp
		0109_有序链表转换二叉搜索树.cpp = 0109_有序链表转换二叉搜索树.cpp
		0110_平衡二叉树.cpp = 0110_平衡二叉树.cpp
		0112_路径总和.cpp = 0112_路径总和.cpp
		0113_路径总和II.cpp = 0113_路径总和II.cpp
		0119_杨辉三角II.cpp = 0119_杨辉三角II.cpp
		0153_寻找旋转排序数组中的最小值.cpp = 0153_寻找旋转排序数组中的最小值.cpp
		0162_寻找峰值.cpp = 0162_寻找峰值.cpp
		0383_移动零.cpp = 0383_移动零.cpp
		0412_FizzBuzz.cpp = 0412_FizzBuzz.cpp
		0413_等差数列划分.cpp = 0413_等差数列划分.cpp
		0437_路径总和 III.cpp = 0437_路径总和 III.cpp
		0509_斐波那契数.cpp = 0509_斐波那契数.cpp
		0553_最优除法.cpp = 0553_最优除法.cpp
		0589_N叉树的前序遍历.cpp = 0589_N叉树的前序遍历.cpp
		0704_二叉查找.cpp = 0704_二叉查找.cpp
		0713_乘积小于K的子数组.cpp = 0713_乘积小于K的子数组.cpp
		0941_有效的山脉数组.cpp = 0941_有效的山脉数组.cpp
	EndProjectSection
EndProject
Global
	GlobalSection(SolutionConfigurationPlatforms) = preSolution
		Debug|x64 = Debug|x64
		Debug|x86 = Debug|x86
		Release|x64 = Release|x64
		Release|x86 = Release|x86
	EndGlobalSection
	GlobalSection(ProjectConfigurationPlatforms) = postSolution
		{7F6D48B3-233D-479A-AD77-D78F3996DC83}.Debug|x64.ActiveCfg = Debug|x64
		{7F6D48B3-233D-479A-AD77-D78F3996DC83}.Debug|x64.Build.0 = Debug|x64
		{7F6D48B3-233D-479A-AD77-D78F3996DC83}.Debug|x86.ActiveCfg = Debug|Win32
		{7F6D48B3-233D-479A-AD77-D78F3996DC83}.Debug|x86.Build.0 = Debug|Win32
		{7F6D48B3-233D-479A-AD77-D78F3996DC83}.Release|x64.ActiveCfg = Release|x64
		{7F6D48B3-233D-479A-AD77-D78F3996DC83}.Release|x64.Build.0 = Release|x64
		{7F6D48B3-233D-479A-AD77-D78F3996DC83}.Release|x86.ActiveCfg = Release|Win32
		{7F6D48B3-233D-479A-AD77-D78F3996DC83}.Release|x86.Build.0 = Release|Win32
	EndGlobalSection
	GlobalSection(SolutionProperties) = preSolution
		HideSolutionNode = FALSE
	EndGlobalSection
	GlobalSection(ExtensibilityGlobals) = postSolution
		SolutionGuid = {002C05AF-EFF7-4B8D-99D9-1038BF3394B5}
	EndGlobalSection
EndGlobal
